
Microsoft Visual Studio Solution File, Format Version 12.00
# Visual Studio 14
VisualStudioVersion = 14.0.25420.1
MinimumVisualStudioVersion = 10.0.40219.1
Project("{FAE04EC0-301F-11D3-BF4B-00C04F79EFBC}") = "CustomList", "CustomList\CustomList.csproj", "{6B5B1882-14A6-4ECB-A71D-681BACA74C43}"
EndProject
Project("{FAE04EC0-301F-11D3-BF4B-00C04F79EFBC}") = "TestCustomList", "TestCustomList\TestCustomList.csproj", "{4D1A6A7F-B1FD-45A2-AB5B-1637A99E6157}"
EndProject
Global
	GlobalSection(SolutionConfigurationPlatforms) = preSolution
		Debug|Any CPU = Debug|Any CPU
		Release|Any CPU = Release|Any CPU
	EndGlobalSection
	GlobalSection(ProjectConfigurationPlatforms) = postSolution
		{6B5B1882-14A6-4ECB-A71D-681BACA74C43}.Debug|Any CPU.ActiveCfg = Debug|Any CPU
		{6B5B1882-14A6-4ECB-A71D-681BACA74C43}.Debug|Any CPU.Build.0 = Debug|Any CPU
		{6B5B1882-14A6-4ECB-A71D-681BACA74C43}.Release|Any CPU.ActiveCfg = Release|Any CPU
		{6B5B1882-14A6-4ECB-A71D-681BACA74C43}.Release|Any CPU.Build.0 = Release|Any CPU
		{4D1A6A7F-B1FD-45A2-AB5B-1637A99E6157}.Debug|Any CPU.ActiveCfg = Debug|Any CPU
		{4D1A6A7F-B1FD-45A2-AB5B-1637A99E6157}.Debug|Any CPU.Build.0 = Debug|Any CPU
		{4D1A6A7F-B1FD-45A2-AB5B-1637A99E6157}.Release|Any CPU.ActiveCfg = Release|Any CPU
		{4D1A6A7F-B1FD-45A2-AB5B-1637A99E6157}.Release|Any CPU.Build.0 = Release|Any CPU
	EndGlobalSection
	GlobalSection(SolutionProperties) = preSolution
		HideSolutionNode = FALSE
	EndGlobalSection
EndGlobal
